
Microsoft Visual Studio Solution File, Format Version 12.00
# Visual Studio Version 17
VisualStudioVersion = 17.8.34330.188
MinimumVisualStudioVersion = 10.0.40219.1
Project("{FAE04EC0-301F-11D3-BF4B-00C04F79EFBC}") = "csharp_imposto_exercicio", "csharp_imposto_exercicio\csharp_imposto_exercicio.csproj", "{9B76D647-B618-422D-AE72-ACAD094F81FD}"
EndProject
Global
	GlobalSection(SolutionConfigurationPlatforms) = preSolution
		Debug|Any CPU = Debug|Any CPU
		Release|Any CPU = Release|Any CPU
	EndGlobalSection
	GlobalSection(ProjectConfigurationPlatforms) = postSolution
		{9B76D647-B618-422D-AE72-ACAD094F81FD}.Debug|Any CPU.ActiveCfg = Debug|Any CPU
		{9B76D647-B618-422D-AE72-ACAD094F81FD}.Debug|Any CPU.Build.0 = Debug|Any CPU
		{9B76D647-B618-422D-AE72-ACAD094F81FD}.Release|Any CPU.ActiveCfg = Release|Any CPU
		{9B76D647-B618-422D-AE72-ACAD094F81FD}.Release|Any CPU.Build.0 = Release|Any CPU
	EndGlobalSection
	GlobalSection(SolutionProperties) = preSolution
		HideSolutionNode = FALSE
	EndGlobalSection
	GlobalSection(ExtensibilityGlobals) = postSolution
		SolutionGuid = {A838D057-0E79-4F67-B845-F69DE5253F0B}
	EndGlobalSection
EndGlobal
